
Microsoft Visual Studio Solution File, Format Version 12.00
# Visual Studio Version 17
VisualStudioVersion = 17.13.35825.156 d17.13
MinimumVisualStudioVersion = 10.0.40219.1
Project("{FAE04EC0-301F-11D3-BF4B-00C04F79EFBC}") = "Mail_Protocol_IMAP", "Mail_Protocol_IMAP\Mail_Protocol_IMAP.csproj", "{CEF4534C-8788-40F5-9ADD-D404258FAD5F}"
EndProject
Global
	GlobalSection(SolutionConfigurationPlatforms) = preSolution
		Debug|Any CPU = Debug|Any CPU
		Release|Any CPU = Release|Any CPU
	EndGlobalSection
	GlobalSection(ProjectConfigurationPlatforms) = postSolution
		{CEF4534C-8788-40F5-9ADD-D404258FAD5F}.Debug|Any CPU.ActiveCfg = Debug|Any CPU
		{CEF4534C-8788-40F5-9ADD-D404258FAD5F}.Debug|Any CPU.Build.0 = Debug|Any CPU
		{CEF4534C-8788-40F5-9ADD-D404258FAD5F}.Release|Any CPU.ActiveCfg = Release|Any CPU
		{CEF4534C-8788-40F5-9ADD-D404258FAD5F}.Release|Any CPU.Build.0 = Release|Any CPU
	EndGlobalSection
	GlobalSection(SolutionProperties) = preSolution
		HideSolutionNode = FALSE
	EndGlobalSection
	GlobalSection(ExtensibilityGlobals) = postSolution
		SolutionGuid = {C8BF9AE0-98F3-4E13-BFD6-623586B6D4F5}
	EndGlobalSection
EndGlobal
