
Microsoft Visual Studio Solution File, Format Version 12.00
# Visual Studio Version 17
VisualStudioVersion = 17.4.33213.308
MinimumVisualStudioVersion = 10.0.40219.1
Project("{FAE04EC0-301F-11D3-BF4B-00C04F79EFBC}") = "Client", "Client\Client.csproj", "{77984077-6678-4B31-8AEA-B4DA9A15BD24}"
EndProject
Project("{FAE04EC0-301F-11D3-BF4B-00C04F79EFBC}") = "Server", "Server\Server.csproj", "{EE72D8C7-35C4-4AC5-8ED0-B4B65FA3462F}"
EndProject
Global
	GlobalSection(SolutionConfigurationPlatforms) = preSolution
		Debug|Any CPU = Debug|Any CPU
		Release|Any CPU = Release|Any CPU
	EndGlobalSection
	GlobalSection(ProjectConfigurationPlatforms) = postSolution
		{77984077-6678-4B31-8AEA-B4DA9A15BD24}.Debug|Any CPU.ActiveCfg = Debug|Any CPU
		{77984077-6678-4B31-8AEA-B4DA9A15BD24}.Debug|Any CPU.Build.0 = Debug|Any CPU
		{77984077-6678-4B31-8AEA-B4DA9A15BD24}.Release|Any CPU.ActiveCfg = Release|Any CPU
		{77984077-6678-4B31-8AEA-B4DA9A15BD24}.Release|Any CPU.Build.0 = Release|Any CPU
		{EE72D8C7-35C4-4AC5-8ED0-B4B65FA3462F}.Debug|Any CPU.ActiveCfg = Debug|Any CPU
		{EE72D8C7-35C4-4AC5-8ED0-B4B65FA3462F}.Debug|Any CPU.Build.0 = Debug|Any CPU
		{EE72D8C7-35C4-4AC5-8ED0-B4B65FA3462F}.Release|Any CPU.ActiveCfg = Release|Any CPU
		{EE72D8C7-35C4-4AC5-8ED0-B4B65FA3462F}.Release|Any CPU.Build.0 = Release|Any CPU
	EndGlobalSection
	GlobalSection(SolutionProperties) = preSolution
		HideSolutionNode = FALSE
	EndGlobalSection
	GlobalSection(ExtensibilityGlobals) = postSolution
		SolutionGuid = {3B4D4278-2B78-4436-9378-FAADECF0EFC6}
	EndGlobalSection
EndGlobal
