
Microsoft Visual Studio Solution File, Format Version 12.00
# Visual Studio Version 17
VisualStudioVersion = 17.4.33213.308
MinimumVisualStudioVersion = 10.0.40219.1
Project("{FAE04EC0-301F-11D3-BF4B-00C04F79EFBC}") = "Server", "Server\Server.csproj", "{58F98926-0E3E-416B-B37A-A46868DD92D8}"
EndProject
Project("{FAE04EC0-301F-11D3-BF4B-00C04F79EFBC}") = "Client", "Client\Client.csproj", "{CA6DE4D7-C950-4638-BB46-2794FE74CDE2}"
EndProject
Global
	GlobalSection(SolutionConfigurationPlatforms) = preSolution
		Debug|Any CPU = Debug|Any CPU
		Release|Any CPU = Release|Any CPU
	EndGlobalSection
	GlobalSection(ProjectConfigurationPlatforms) = postSolution
		{58F98926-0E3E-416B-B37A-A46868DD92D8}.Debug|Any CPU.ActiveCfg = Debug|Any CPU
		{58F98926-0E3E-416B-B37A-A46868DD92D8}.Debug|Any CPU.Build.0 = Debug|Any CPU
		{58F98926-0E3E-416B-B37A-A46868DD92D8}.Release|Any CPU.ActiveCfg = Release|Any CPU
		{58F98926-0E3E-416B-B37A-A46868DD92D8}.Release|Any CPU.Build.0 = Release|Any CPU
		{CA6DE4D7-C950-4638-BB46-2794FE74CDE2}.Debug|Any CPU.ActiveCfg = Debug|Any CPU
		{CA6DE4D7-C950-4638-BB46-2794FE74CDE2}.Debug|Any CPU.Build.0 = Debug|Any CPU
		{CA6DE4D7-C950-4638-BB46-2794FE74CDE2}.Release|Any CPU.ActiveCfg = Release|Any CPU
		{CA6DE4D7-C950-4638-BB46-2794FE74CDE2}.Release|Any CPU.Build.0 = Release|Any CPU
	EndGlobalSection
	GlobalSection(SolutionProperties) = preSolution
		HideSolutionNode = FALSE
	EndGlobalSection
	GlobalSection(ExtensibilityGlobals) = postSolution
		SolutionGuid = {7931A500-AC99-4438-B06F-571CABD82CCA}
	EndGlobalSection
EndGlobal
