
Microsoft Visual Studio Solution File, Format Version 12.00
# Visual Studio Version 17
VisualStudioVersion = 17.4.33213.308
MinimumVisualStudioVersion = 10.0.40219.1
Project("{FAE04EC0-301F-11D3-BF4B-00C04F79EFBC}") = "SendMessage_Smtp", "SendMessage_Smtp\SendMessage_Smtp.csproj", "{0386A39E-4A01-4227-BCBC-CC63742426F4}"
EndProject
Global
	GlobalSection(SolutionConfigurationPlatforms) = preSolution
		Debug|Any CPU = Debug|Any CPU
		Release|Any CPU = Release|Any CPU
	EndGlobalSection
	GlobalSection(ProjectConfigurationPlatforms) = postSolution
		{0386A39E-4A01-4227-BCBC-CC63742426F4}.Debug|Any CPU.ActiveCfg = Debug|Any CPU
		{0386A39E-4A01-4227-BCBC-CC63742426F4}.Debug|Any CPU.Build.0 = Debug|Any CPU
		{0386A39E-4A01-4227-BCBC-CC63742426F4}.Release|Any CPU.ActiveCfg = Release|Any CPU
		{0386A39E-4A01-4227-BCBC-CC63742426F4}.Release|Any CPU.Build.0 = Release|Any CPU
	EndGlobalSection
	GlobalSection(SolutionProperties) = preSolution
		HideSolutionNode = FALSE
	EndGlobalSection
	GlobalSection(ExtensibilityGlobals) = postSolution
		SolutionGuid = {EF55816B-045B-4708-887D-17286DB4223C}
	EndGlobalSection
EndGlobal
